
Microsoft Visual Studio Solution File, Format Version 12.00
# Visual Studio Version 17
VisualStudioVersion = 17.6.33723.286
MinimumVisualStudioVersion = 10.0.40219.1
Project("{888888A0-9F3D-457C-B088-3A5042F75D52}") = "menuFichierFonct", "menuFichierFonct\menuFichierFonct.pyproj", "{20B6CD3F-D2A8-498F-9FBB-196752BE62C5}"
EndProject
Global
	GlobalSection(SolutionConfigurationPlatforms) = preSolution
		Debug|Any CPU = Debug|Any CPU
		Release|Any CPU = Release|Any CPU
	EndGlobalSection
	GlobalSection(ProjectConfigurationPlatforms) = postSolution
		{20B6CD3F-D2A8-498F-9FBB-196752BE62C5}.Debug|Any CPU.ActiveCfg = Debug|Any CPU
		{20B6CD3F-D2A8-498F-9FBB-196752BE62C5}.Release|Any CPU.ActiveCfg = Release|Any CPU
	EndGlobalSection
	GlobalSection(SolutionProperties) = preSolution
		HideSolutionNode = FALSE
	EndGlobalSection
	GlobalSection(ExtensibilityGlobals) = postSolution
		SolutionGuid = {2C4C29CC-660F-499A-928E-28B5DCC74BED}
	EndGlobalSection
EndGlobal
